
Microsoft Visual Studio Solution File, Format Version 12.00
# Visual Studio 15
VisualStudioVersion = 15.0.27130.2010
MinimumVisualStudioVersion = 10.0.40219.1
Project("{FAE04EC0-301F-11D3-BF4B-00C04F79EFBC}") = "SnippetManager.NETStandard", "SnippetManager\SnippetManager.NETStandard.csproj", "{1D55C3E6-D407-4F6A-A27F-38BFF97D8EAA}"
EndProject
Global
	GlobalSection(SolutionConfigurationPlatforms) = preSolution
		Debug|Any CPU = Debug|Any CPU
		Release|Any CPU = Release|Any CPU
	EndGlobalSection
	GlobalSection(ProjectConfigurationPlatforms) = postSolution
		{1D55C3E6-D407-4F6A-A27F-38BFF97D8EAA}.Debug|Any CPU.ActiveCfg = Debug|Any CPU
		{1D55C3E6-D407-4F6A-A27F-38BFF97D8EAA}.Debug|Any CPU.Build.0 = Debug|Any CPU
		{1D55C3E6-D407-4F6A-A27F-38BFF97D8EAA}.Release|Any CPU.ActiveCfg = Release|Any CPU
		{1D55C3E6-D407-4F6A-A27F-38BFF97D8EAA}.Release|Any CPU.Build.0 = Release|Any CPU
	EndGlobalSection
	GlobalSection(SolutionProperties) = preSolution
		HideSolutionNode = FALSE
	EndGlobalSection
	GlobalSection(ExtensibilityGlobals) = postSolution
		SolutionGuid = {B45EE516-0B85-4D5D-BCD3-2EFB0F637768}
	EndGlobalSection
EndGlobal
