
Microsoft Visual Studio Solution File, Format Version 12.00
# Visual Studio 15
VisualStudioVersion = 15.0.27130.2010
MinimumVisualStudioVersion = 10.0.40219.1
Project("{FAE04EC0-301F-11D3-BF4B-00C04F79EFBC}") = "SnippetManager.Documentation", "SnippetManager.Documentation\SnippetManager.Documentation.csproj", "{A2B64396-6C65-432B-B5F2-F6CE65396E19}"
EndProject
Global
	GlobalSection(SolutionConfigurationPlatforms) = preSolution
		Debug|Any CPU = Debug|Any CPU
		Release|Any CPU = Release|Any CPU
	EndGlobalSection
	GlobalSection(ProjectConfigurationPlatforms) = postSolution
		{A2B64396-6C65-432B-B5F2-F6CE65396E19}.Debug|Any CPU.ActiveCfg = Debug|Any CPU
		{A2B64396-6C65-432B-B5F2-F6CE65396E19}.Debug|Any CPU.Build.0 = Debug|Any CPU
		{A2B64396-6C65-432B-B5F2-F6CE65396E19}.Release|Any CPU.ActiveCfg = Release|Any CPU
		{A2B64396-6C65-432B-B5F2-F6CE65396E19}.Release|Any CPU.Build.0 = Release|Any CPU
	EndGlobalSection
	GlobalSection(SolutionProperties) = preSolution
		HideSolutionNode = FALSE
	EndGlobalSection
	GlobalSection(ExtensibilityGlobals) = postSolution
		SolutionGuid = {BF58194B-18FC-49DA-B5D2-BBE58091A3AE}
	EndGlobalSection
EndGlobal
